
Microsoft Visual Studio Solution File, Format Version 12.00
# Visual Studio Version 16
VisualStudioVersion = 16.0.30204.135
MinimumVisualStudioVersion = 10.0.40219.1
Project("{9A19103F-16F7-4668-BE54-9A1E7A4F7556}") = "Commander", "Commander.csproj", "{A4690013-E11A-44E3-845C-0CB25858FA8A}"
EndProject
Project("{2150E333-8FDC-42A3-9474-1A3956D46DE8}") = "CleanArch", "CleanArch", "{50C67467-EF9A-4CCD-9D88-B1DC2C2E0887}"
	ProjectSection(SolutionItems) = preProject
		info.txt = info.txt
	EndProjectSection
EndProject
Project("{2150E333-8FDC-42A3-9474-1A3956D46DE8}") = "Rest Api", "Rest Api", "{C7CB00BA-47C9-4F54-9398-696F90E40152}"
	ProjectSection(SolutionItems) = preProject
		info.txt = info.txt
	EndProjectSection
EndProject
Project("{2150E333-8FDC-42A3-9474-1A3956D46DE8}") = "Domain", "Domain", "{5CE94021-A558-41A6-9F63-ADFD3AC65990}"
EndProject
Project("{2150E333-8FDC-42A3-9474-1A3956D46DE8}") = "CA.Infra.IoC", "CA.Infra.IoC", "{33B62BA7-79D7-4800-B8EC-E1741539C3A1}"
EndProject
Project("{2150E333-8FDC-42A3-9474-1A3956D46DE8}") = "CA.Application", "CA.Application", "{436DC1A5-BD3F-49CD-A5F2-C690D151FA63}"
EndProject
Project("{2150E333-8FDC-42A3-9474-1A3956D46DE8}") = "Infra.Data", "Infra.Data", "{C5B8870E-83A7-4124-8AB9-2DC10402F7BC}"
EndProject
Project("{2150E333-8FDC-42A3-9474-1A3956D46DE8}") = "CA.UI.Mvc", "CA.UI.Mvc", "{8AE34046-A6C1-4CB0-BC87-96F8F12D7CA3}"
EndProject
Project("{9A19103F-16F7-4668-BE54-9A1E7A4F7556}") = "CA.Mvc", "..\CA.Mvc\CA.Mvc.csproj", "{B273AC3C-4707-4E96-905C-4F4DC51A005C}"
EndProject
Project("{9A19103F-16F7-4668-BE54-9A1E7A4F7556}") = "CA.Domain", "..\CA.Domain\CA.Domain.csproj", "{31A43A1A-9D65-4FDE-BC8B-75130AE7DB40}"
EndProject
Project("{FAE04EC0-301F-11D3-BF4B-00C04F79EFBC}") = "CA.Infra.Data", "..\CA.Infra.Data\CA.Infra.Data.csproj", "{E3AB5281-DC72-4451-8858-CE6EECA53101}"
EndProject
Global
	GlobalSection(SolutionConfigurationPlatforms) = preSolution
		Debug|Any CPU = Debug|Any CPU
		Release|Any CPU = Release|Any CPU
	EndGlobalSection
	GlobalSection(ProjectConfigurationPlatforms) = postSolution
		{A4690013-E11A-44E3-845C-0CB25858FA8A}.Debug|Any CPU.ActiveCfg = Debug|Any CPU
		{A4690013-E11A-44E3-845C-0CB25858FA8A}.Debug|Any CPU.Build.0 = Debug|Any CPU
		{A4690013-E11A-44E3-845C-0CB25858FA8A}.Release|Any CPU.ActiveCfg = Release|Any CPU
		{A4690013-E11A-44E3-845C-0CB25858FA8A}.Release|Any CPU.Build.0 = Release|Any CPU
		{B273AC3C-4707-4E96-905C-4F4DC51A005C}.Debug|Any CPU.ActiveCfg = Debug|Any CPU
		{B273AC3C-4707-4E96-905C-4F4DC51A005C}.Debug|Any CPU.Build.0 = Debug|Any CPU
		{B273AC3C-4707-4E96-905C-4F4DC51A005C}.Release|Any CPU.ActiveCfg = Release|Any CPU
		{B273AC3C-4707-4E96-905C-4F4DC51A005C}.Release|Any CPU.Build.0 = Release|Any CPU
		{31A43A1A-9D65-4FDE-BC8B-75130AE7DB40}.Debug|Any CPU.ActiveCfg = Debug|Any CPU
		{31A43A1A-9D65-4FDE-BC8B-75130AE7DB40}.Debug|Any CPU.Build.0 = Debug|Any CPU
		{31A43A1A-9D65-4FDE-BC8B-75130AE7DB40}.Release|Any CPU.ActiveCfg = Release|Any CPU
		{31A43A1A-9D65-4FDE-BC8B-75130AE7DB40}.Release|Any CPU.Build.0 = Release|Any CPU
		{E3AB5281-DC72-4451-8858-CE6EECA53101}.Debug|Any CPU.ActiveCfg = Debug|Any CPU
		{E3AB5281-DC72-4451-8858-CE6EECA53101}.Debug|Any CPU.Build.0 = Debug|Any CPU
		{E3AB5281-DC72-4451-8858-CE6EECA53101}.Release|Any CPU.ActiveCfg = Release|Any CPU
		{E3AB5281-DC72-4451-8858-CE6EECA53101}.Release|Any CPU.Build.0 = Release|Any CPU
	EndGlobalSection
	GlobalSection(SolutionProperties) = preSolution
		HideSolutionNode = FALSE
	EndGlobalSection
	GlobalSection(NestedProjects) = preSolution
		{A4690013-E11A-44E3-845C-0CB25858FA8A} = {C7CB00BA-47C9-4F54-9398-696F90E40152}
		{5CE94021-A558-41A6-9F63-ADFD3AC65990} = {C7CB00BA-47C9-4F54-9398-696F90E40152}
		{33B62BA7-79D7-4800-B8EC-E1741539C3A1} = {50C67467-EF9A-4CCD-9D88-B1DC2C2E0887}
		{436DC1A5-BD3F-49CD-A5F2-C690D151FA63} = {50C67467-EF9A-4CCD-9D88-B1DC2C2E0887}
		{C5B8870E-83A7-4124-8AB9-2DC10402F7BC} = {C7CB00BA-47C9-4F54-9398-696F90E40152}
		{8AE34046-A6C1-4CB0-BC87-96F8F12D7CA3} = {C7CB00BA-47C9-4F54-9398-696F90E40152}
		{B273AC3C-4707-4E96-905C-4F4DC51A005C} = {8AE34046-A6C1-4CB0-BC87-96F8F12D7CA3}
		{31A43A1A-9D65-4FDE-BC8B-75130AE7DB40} = {5CE94021-A558-41A6-9F63-ADFD3AC65990}
		{E3AB5281-DC72-4451-8858-CE6EECA53101} = {C5B8870E-83A7-4124-8AB9-2DC10402F7BC}
	EndGlobalSection
	GlobalSection(ExtensibilityGlobals) = postSolution
		SolutionGuid = {5F77A46C-514F-46C6-B2B3-6290931B58FD}
	EndGlobalSection
EndGlobal
